
Microsoft Visual Studio Solution File, Format Version 12.00
# Visual Studio Version 17
VisualStudioVersion = 17.14.36401.2 d17.14
MinimumVisualStudioVersion = 10.0.40219.1
Project("{FAE04EC0-301F-11D3-BF4B-00C04F79EFBC}") = "lab 010 task 02", "lab 010 task 02.csproj", "{C3A5FC98-CE23-4323-9302-125BC1B61F94}"
EndProject
Global
	GlobalSection(SolutionConfigurationPlatforms) = preSolution
		Debug|Any CPU = Debug|Any CPU
		Release|Any CPU = Release|Any CPU
	EndGlobalSection
	GlobalSection(ProjectConfigurationPlatforms) = postSolution
		{C3A5FC98-CE23-4323-9302-125BC1B61F94}.Debug|Any CPU.ActiveCfg = Debug|Any CPU
		{C3A5FC98-CE23-4323-9302-125BC1B61F94}.Debug|Any CPU.Build.0 = Debug|Any CPU
		{C3A5FC98-CE23-4323-9302-125BC1B61F94}.Release|Any CPU.ActiveCfg = Release|Any CPU
		{C3A5FC98-CE23-4323-9302-125BC1B61F94}.Release|Any CPU.Build.0 = Release|Any CPU
	EndGlobalSection
	GlobalSection(SolutionProperties) = preSolution
		HideSolutionNode = FALSE
	EndGlobalSection
	GlobalSection(ExtensibilityGlobals) = postSolution
		SolutionGuid = {F4682C88-4F96-4070-88ED-A7C1DBEF87DD}
	EndGlobalSection
EndGlobal
